
Microsoft Visual Studio Solution File, Format Version 12.00
# Visual Studio Version 17
VisualStudioVersion = 17.7.34031.279
MinimumVisualStudioVersion = 10.0.40219.1
Project("{FAE04EC0-301F-11D3-BF4B-00C04F79EFBC}") = "ServerTest", "ServerTest.csproj", "{7A73B200-D8DD-457F-B232-B19F564041BE}"
EndProject
Project("{FAE04EC0-301F-11D3-BF4B-00C04F79EFBC}") = "ClientTest", "..\ClientTest\ClientTest.csproj", "{08A0A727-B9EA-4261-8A9B-15868CF5F1A3}"
EndProject
Global
	GlobalSection(SolutionConfigurationPlatforms) = preSolution
		Debug|Any CPU = Debug|Any CPU
		Release|Any CPU = Release|Any CPU
	EndGlobalSection
	GlobalSection(ProjectConfigurationPlatforms) = postSolution
		{7A73B200-D8DD-457F-B232-B19F564041BE}.Debug|Any CPU.ActiveCfg = Debug|Any CPU
		{7A73B200-D8DD-457F-B232-B19F564041BE}.Debug|Any CPU.Build.0 = Debug|Any CPU
		{7A73B200-D8DD-457F-B232-B19F564041BE}.Release|Any CPU.ActiveCfg = Release|Any CPU
		{7A73B200-D8DD-457F-B232-B19F564041BE}.Release|Any CPU.Build.0 = Release|Any CPU
		{08A0A727-B9EA-4261-8A9B-15868CF5F1A3}.Debug|Any CPU.ActiveCfg = Debug|Any CPU
		{08A0A727-B9EA-4261-8A9B-15868CF5F1A3}.Debug|Any CPU.Build.0 = Debug|Any CPU
		{08A0A727-B9EA-4261-8A9B-15868CF5F1A3}.Release|Any CPU.ActiveCfg = Release|Any CPU
		{08A0A727-B9EA-4261-8A9B-15868CF5F1A3}.Release|Any CPU.Build.0 = Release|Any CPU
	EndGlobalSection
	GlobalSection(SolutionProperties) = preSolution
		HideSolutionNode = FALSE
	EndGlobalSection
	GlobalSection(ExtensibilityGlobals) = postSolution
		SolutionGuid = {BCCACD1F-A587-49DD-B14E-4FC845C8B4C5}
	EndGlobalSection
EndGlobal
