
Microsoft Visual Studio Solution File, Format Version 12.00
# Visual Studio Version 17
VisualStudioVersion = 17.7.34031.279
MinimumVisualStudioVersion = 10.0.40219.1
Project("{FAE04EC0-301F-11D3-BF4B-00C04F79EFBC}") = "test", "test.csproj", "{D296EC30-E5D8-42F1-ACD3-425623F8EE10}"
EndProject
Global
	GlobalSection(SolutionConfigurationPlatforms) = preSolution
		Debug|Any CPU = Debug|Any CPU
		Release|Any CPU = Release|Any CPU
	EndGlobalSection
	GlobalSection(ProjectConfigurationPlatforms) = postSolution
		{D296EC30-E5D8-42F1-ACD3-425623F8EE10}.Debug|Any CPU.ActiveCfg = Debug|Any CPU
		{D296EC30-E5D8-42F1-ACD3-425623F8EE10}.Debug|Any CPU.Build.0 = Debug|Any CPU
		{D296EC30-E5D8-42F1-ACD3-425623F8EE10}.Release|Any CPU.ActiveCfg = Release|Any CPU
		{D296EC30-E5D8-42F1-ACD3-425623F8EE10}.Release|Any CPU.Build.0 = Release|Any CPU
	EndGlobalSection
	GlobalSection(SolutionProperties) = preSolution
		HideSolutionNode = FALSE
	EndGlobalSection
	GlobalSection(ExtensibilityGlobals) = postSolution
		SolutionGuid = {FDAFE813-78D4-4D30-8FA9-7C88FE36D087}
	EndGlobalSection
EndGlobal
