
Microsoft Visual Studio Solution File, Format Version 12.00
# Visual Studio Version 17
VisualStudioVersion = 17.7.34031.279
MinimumVisualStudioVersion = 10.0.40219.1
Project("{FAE04EC0-301F-11D3-BF4B-00C04F79EFBC}") = "BasicThread", "BasicThread.csproj", "{AE9E66EF-DA75-4EAF-984D-3318930337EB}"
EndProject
Global
	GlobalSection(SolutionConfigurationPlatforms) = preSolution
		Debug|Any CPU = Debug|Any CPU
		Release|Any CPU = Release|Any CPU
	EndGlobalSection
	GlobalSection(ProjectConfigurationPlatforms) = postSolution
		{AE9E66EF-DA75-4EAF-984D-3318930337EB}.Debug|Any CPU.ActiveCfg = Debug|Any CPU
		{AE9E66EF-DA75-4EAF-984D-3318930337EB}.Debug|Any CPU.Build.0 = Debug|Any CPU
		{AE9E66EF-DA75-4EAF-984D-3318930337EB}.Release|Any CPU.ActiveCfg = Release|Any CPU
		{AE9E66EF-DA75-4EAF-984D-3318930337EB}.Release|Any CPU.Build.0 = Release|Any CPU
	EndGlobalSection
	GlobalSection(SolutionProperties) = preSolution
		HideSolutionNode = FALSE
	EndGlobalSection
	GlobalSection(ExtensibilityGlobals) = postSolution
		SolutionGuid = {6CF25FA5-660B-40DE-9CD9-B1FFE55A945E}
	EndGlobalSection
EndGlobal
