
Microsoft Visual Studio Solution File, Format Version 12.00
# Visual Studio Version 17
VisualStudioVersion = 17.7.34031.279
MinimumVisualStudioVersion = 10.0.40219.1
Project("{FAE04EC0-301F-11D3-BF4B-00C04F79EFBC}") = "Inheritance", "Inheritance.csproj", "{927C67F4-3279-4266-BFC3-61CE676B85C0}"
EndProject
Global
	GlobalSection(SolutionConfigurationPlatforms) = preSolution
		Debug|Any CPU = Debug|Any CPU
		Release|Any CPU = Release|Any CPU
	EndGlobalSection
	GlobalSection(ProjectConfigurationPlatforms) = postSolution
		{927C67F4-3279-4266-BFC3-61CE676B85C0}.Debug|Any CPU.ActiveCfg = Debug|Any CPU
		{927C67F4-3279-4266-BFC3-61CE676B85C0}.Debug|Any CPU.Build.0 = Debug|Any CPU
		{927C67F4-3279-4266-BFC3-61CE676B85C0}.Release|Any CPU.ActiveCfg = Release|Any CPU
		{927C67F4-3279-4266-BFC3-61CE676B85C0}.Release|Any CPU.Build.0 = Release|Any CPU
	EndGlobalSection
	GlobalSection(SolutionProperties) = preSolution
		HideSolutionNode = FALSE
	EndGlobalSection
	GlobalSection(ExtensibilityGlobals) = postSolution
		SolutionGuid = {F9E1FF23-CE9A-41B6-85E9-AFF1E395B0EA}
	EndGlobalSection
EndGlobal
