
Microsoft Visual Studio Solution File, Format Version 12.00
# Visual Studio Version 17
VisualStudioVersion = 17.7.34031.279
MinimumVisualStudioVersion = 10.0.40219.1
Project("{FAE04EC0-301F-11D3-BF4B-00C04F79EFBC}") = "EchoServer", "EchoServer.csproj", "{4F90C17A-D721-4CFC-BD68-7B5465EB8FB0}"
EndProject
Global
	GlobalSection(SolutionConfigurationPlatforms) = preSolution
		Debug|Any CPU = Debug|Any CPU
		Release|Any CPU = Release|Any CPU
	EndGlobalSection
	GlobalSection(ProjectConfigurationPlatforms) = postSolution
		{4F90C17A-D721-4CFC-BD68-7B5465EB8FB0}.Debug|Any CPU.ActiveCfg = Debug|Any CPU
		{4F90C17A-D721-4CFC-BD68-7B5465EB8FB0}.Debug|Any CPU.Build.0 = Debug|Any CPU
		{4F90C17A-D721-4CFC-BD68-7B5465EB8FB0}.Release|Any CPU.ActiveCfg = Release|Any CPU
		{4F90C17A-D721-4CFC-BD68-7B5465EB8FB0}.Release|Any CPU.Build.0 = Release|Any CPU
	EndGlobalSection
	GlobalSection(SolutionProperties) = preSolution
		HideSolutionNode = FALSE
	EndGlobalSection
	GlobalSection(ExtensibilityGlobals) = postSolution
		SolutionGuid = {D2E40B5D-004F-4898-AEA4-CDEDE7B5FA68}
	EndGlobalSection
EndGlobal
